// !$*UTF8*$!
{
	archiveVersion = 1;
	classes = {
	};
	objectVersion = 46;
	objects = {

/* Begin PBXBuildFile section */
		1D2FE77F2C669D887FA88A52 /* Pods_ZephyrApp.framework in Frameworks */ = {isa = PBXBuildFile; fileRef = 619EA598E9E82877287EB930 /* Pods_ZephyrApp.framework */; };
		93C754491DDCDBB500BB094D /* Bolts.framework in Frameworks */ = {isa = PBXBuildFile; fileRef = 93C754481DDCDBB500BB094D /* Bolts.framework */; };
		93C7544B1DDCDBC900BB094D /* FBSDKCoreKit.framework in Frameworks */ = {isa = PBXBuildFile; fileRef = 93C7544A1DDCDBC900BB094D /* FBSDKCoreKit.framework */; };
		93C7544D1DDCDBD500BB094D /* FBSDKLoginKit.framework in Frameworks */ = {isa = PBXBuildFile; fileRef = 93C7544C1DDCDBD500BB094D /* FBSDKLoginKit.framework */; };
		93C7544F1DDCDBDF00BB094D /* FBSDKShareKit.framework in Frameworks */ = {isa = PBXBuildFile; fileRef = 93C7544E1DDCDBDF00BB094D /* FBSDKShareKit.framework */; };
		93C754591DDD72FE00BB094D /* AvailableJobsViewController.swift in Sources */ = {isa = PBXBuildFile; fileRef = 93C754581DDD72FE00BB094D /* AvailableJobsViewController.swift */; };
		93C7545B1DDD797E00BB094D /* SingleAvailableJobsViewController.swift in Sources */ = {isa = PBXBuildFile; fileRef = 93C7545A1DDD797E00BB094D /* SingleAvailableJobsViewController.swift */; };
		93C7545D1DDD7F6500BB094D /* MyJobsViewController.swift in Sources */ = {isa = PBXBuildFile; fileRef = 93C7545C1DDD7F6500BB094D /* MyJobsViewController.swift */; };
		93C7545F1DDD7F9700BB094D /* SingleMyJobsViewController.swift in Sources */ = {isa = PBXBuildFile; fileRef = 93C7545E1DDD7F9700BB094D /* SingleMyJobsViewController.swift */; };
		93C7549B1DE2568D00BB094D /* Screen Shot 2016-11-20 at 4.08.13 PM.png in Resources */ = {isa = PBXBuildFile; fileRef = 93C7549A1DE2568D00BB094D /* Screen Shot 2016-11-20 at 4.08.13 PM.png */; };
		93F8F3AE1DD3DE2000529892 /* AppDelegate.swift in Sources */ = {isa = PBXBuildFile; fileRef = 93F8F3AD1DD3DE1F00529892 /* AppDelegate.swift */; };
		93F8F3B01DD3DE2000529892 /* ViewController.swift in Sources */ = {isa = PBXBuildFile; fileRef = 93F8F3AF1DD3DE2000529892 /* ViewController.swift */; };
		93F8F3B31DD3DE2000529892 /* Main.storyboard in Resources */ = {isa = PBXBuildFile; fileRef = 93F8F3B11DD3DE2000529892 /* Main.storyboard */; };
		93F8F3B51DD3DE2000529892 /* Assets.xcassets in Resources */ = {isa = PBXBuildFile; fileRef = 93F8F3B41DD3DE2000529892 /* Assets.xcassets */; };
		93F8F3B81DD3DE2000529892 /* LaunchScreen.storyboard in Resources */ = {isa = PBXBuildFile; fileRef = 93F8F3B61DD3DE2000529892 /* LaunchScreen.storyboard */; };
		93F8F3DC1DD4DD1B00529892 /* treehouse_filled-25.png in Resources */ = {isa = PBXBuildFile; fileRef = 93F8F3DB1DD4DD1B00529892 /* treehouse_filled-25.png */; };
		93F8F3DE1DD4DD2100529892 /* treehouse-25.png in Resources */ = {isa = PBXBuildFile; fileRef = 93F8F3DD1DD4DD2100529892 /* treehouse-25.png */; };
		93F8F3E01DD4DDC400529892 /* briefcase-25.png in Resources */ = {isa = PBXBuildFile; fileRef = 93F8F3DF1DD4DDC400529892 /* briefcase-25.png */; };
		93F8F3E21DD4DDCC00529892 /* briefcase_filled-25.png in Resources */ = {isa = PBXBuildFile; fileRef = 93F8F3E11DD4DDCC00529892 /* briefcase_filled-25.png */; };
		EA5A61CC1DEFDF2D0045A252 /* GoogleService-Info.plist in Resources */ = {isa = PBXBuildFile; fileRef = EA5A61CB1DEFDF2D0045A252 /* GoogleService-Info.plist */; };
		EA5A61CE1DEFEE940045A252 /* Job.swift in Sources */ = {isa = PBXBuildFile; fileRef = EA5A61CD1DEFEE940045A252 /* Job.swift */; };
		EA73E7771DF22F87005143D1 /* RequestJobViewController.swift in Sources */ = {isa = PBXBuildFile; fileRef = EA73E7761DF22F87005143D1 /* RequestJobViewController.swift */; };
/* End PBXBuildFile section */

/* Begin PBXFileReference section */
		242A3A9812ACC578537C21EA /* Pods-ZephyrApp.debug.xcconfig */ = {isa = PBXFileReference; includeInIndex = 1; lastKnownFileType = text.xcconfig; name = "Pods-ZephyrApp.debug.xcconfig"; path = "Pods/Target Support Files/Pods-ZephyrApp/Pods-ZephyrApp.debug.xcconfig"; sourceTree = "<group>"; };
		619EA598E9E82877287EB930 /* Pods_ZephyrApp.framework */ = {isa = PBXFileReference; explicitFileType = wrapper.framework; includeInIndex = 0; path = Pods_ZephyrApp.framework; sourceTree = BUILT_PRODUCTS_DIR; };
		93C754481DDCDBB500BB094D /* Bolts.framework */ = {isa = PBXFileReference; lastKnownFileType = wrapper.framework; path = Bolts.framework; sourceTree = "<group>"; };
		93C7544A1DDCDBC900BB094D /* FBSDKCoreKit.framework */ = {isa = PBXFileReference; lastKnownFileType = wrapper.framework; path = FBSDKCoreKit.framework; sourceTree = "<group>"; };
		93C7544C1DDCDBD500BB094D /* FBSDKLoginKit.framework */ = {isa = PBXFileReference; lastKnownFileType = wrapper.framework; path = FBSDKLoginKit.framework; sourceTree = "<group>"; };
		93C7544E1DDCDBDF00BB094D /* FBSDKShareKit.framework */ = {isa = PBXFileReference; lastKnownFileType = wrapper.framework; path = FBSDKShareKit.framework; sourceTree = "<group>"; };
		93C754581DDD72FE00BB094D /* AvailableJobsViewController.swift */ = {isa = PBXFileReference; fileEncoding = 4; lastKnownFileType = sourcecode.swift; path = AvailableJobsViewController.swift; sourceTree = "<group>"; };
		93C7545A1DDD797E00BB094D /* SingleAvailableJobsViewController.swift */ = {isa = PBXFileReference; fileEncoding = 4; lastKnownFileType = sourcecode.swift; path = SingleAvailableJobsViewController.swift; sourceTree = "<group>"; };
		93C7545C1DDD7F6500BB094D /* MyJobsViewController.swift */ = {isa = PBXFileReference; fileEncoding = 4; lastKnownFileType = sourcecode.swift; path = MyJobsViewController.swift; sourceTree = "<group>"; };
		93C7545E1DDD7F9700BB094D /* SingleMyJobsViewController.swift */ = {isa = PBXFileReference; fileEncoding = 4; lastKnownFileType = sourcecode.swift; path = SingleMyJobsViewController.swift; sourceTree = "<group>"; };
		93C7549A1DE2568D00BB094D /* Screen Shot 2016-11-20 at 4.08.13 PM.png */ = {isa = PBXFileReference; lastKnownFileType = image.png; path = "Screen Shot 2016-11-20 at 4.08.13 PM.png"; sourceTree = "<group>"; };
		93F8F3AA1DD3DE1F00529892 /* ZephyrApp.app */ = {isa = PBXFileReference; explicitFileType = wrapper.application; includeInIndex = 0; path = ZephyrApp.app; sourceTree = BUILT_PRODUCTS_DIR; };
		93F8F3AD1DD3DE1F00529892 /* AppDelegate.swift */ = {isa = PBXFileReference; lastKnownFileType = sourcecode.swift; path = AppDelegate.swift; sourceTree = "<group>"; };
		93F8F3AF1DD3DE2000529892 /* ViewController.swift */ = {isa = PBXFileReference; lastKnownFileType = sourcecode.swift; path = ViewController.swift; sourceTree = "<group>"; };
		93F8F3B21DD3DE2000529892 /* Base */ = {isa = PBXFileReference; lastKnownFileType = file.storyboard; name = Base; path = Base.lproj/Main.storyboard; sourceTree = "<group>"; };
		93F8F3B41DD3DE2000529892 /* Assets.xcassets */ = {isa = PBXFileReference; lastKnownFileType = folder.assetcatalog; path = Assets.xcassets; sourceTree = "<group>"; };
		93F8F3B71DD3DE2000529892 /* Base */ = {isa = PBXFileReference; lastKnownFileType = file.storyboard; name = Base; path = Base.lproj/LaunchScreen.storyboard; sourceTree = "<group>"; };
		93F8F3B91DD3DE2000529892 /* Info.plist */ = {isa = PBXFileReference; lastKnownFileType = text.plist.xml; path = Info.plist; sourceTree = "<group>"; };
		93F8F3C21DD3DE2000529892 /* ZephyrAppTests.swift */ = {isa = PBXFileReference; lastKnownFileType = sourcecode.swift; path = ZephyrAppTests.swift; sourceTree = "<group>"; };
		93F8F3C41DD3DE2000529892 /* Info.plist */ = {isa = PBXFileReference; lastKnownFileType = text.plist.xml; path = Info.plist; sourceTree = "<group>"; };
		93F8F3CD1DD3DE2000529892 /* ZephyrAppUITests.swift */ = {isa = PBXFileReference; lastKnownFileType = sourcecode.swift; path = ZephyrAppUITests.swift; sourceTree = "<group>"; };
		93F8F3CF1DD3DE2000529892 /* Info.plist */ = {isa = PBXFileReference; lastKnownFileType = text.plist.xml; path = Info.plist; sourceTree = "<group>"; };
		93F8F3DB1DD4DD1B00529892 /* treehouse_filled-25.png */ = {isa = PBXFileReference; lastKnownFileType = image.png; path = "treehouse_filled-25.png"; sourceTree = SOURCE_ROOT; };
		93F8F3DD1DD4DD2100529892 /* treehouse-25.png */ = {isa = PBXFileReference; lastKnownFileType = image.png; path = "treehouse-25.png"; sourceTree = SOURCE_ROOT; };
		93F8F3DF1DD4DDC400529892 /* briefcase-25.png */ = {isa = PBXFileReference; lastKnownFileType = image.png; path = "briefcase-25.png"; sourceTree = SOURCE_ROOT; };
		93F8F3E11DD4DDCC00529892 /* briefcase_filled-25.png */ = {isa = PBXFileReference; lastKnownFileType = image.png; path = "briefcase_filled-25.png"; sourceTree = SOURCE_ROOT; };
		D0A794FEB3171558D94A44E8 /* Pods-ZephyrApp.release.xcconfig */ = {isa = PBXFileReference; includeInIndex = 1; lastKnownFileType = text.xcconfig; name = "Pods-ZephyrApp.release.xcconfig"; path = "Pods/Target Support Files/Pods-ZephyrApp/Pods-ZephyrApp.release.xcconfig"; sourceTree = "<group>"; };
		EA2255641DDB9B4A0054A896 /* ZephyrApp.entitlements */ = {isa = PBXFileReference; lastKnownFileType = text.plist.entitlements; path = ZephyrApp.entitlements; sourceTree = "<group>"; };
		EA5A61CB1DEFDF2D0045A252 /* GoogleService-Info.plist */ = {isa = PBXFileReference; fileEncoding = 4; lastKnownFileType = text.plist.xml; path = "GoogleService-Info.plist"; sourceTree = "<group>"; };
		EA5A61CD1DEFEE940045A252 /* Job.swift */ = {isa = PBXFileReference; fileEncoding = 4; lastKnownFileType = sourcecode.swift; path = Job.swift; sourceTree = "<group>"; };
		EA73E7761DF22F87005143D1 /* RequestJobViewController.swift */ = {isa = PBXFileReference; fileEncoding = 4; lastKnownFileType = sourcecode.swift; path = RequestJobViewController.swift; sourceTree = "<group>"; };
/* End PBXFileReference section */

/* Begin PBXFrameworksBuildPhase section */
		93F8F3A71DD3DE1F00529892 /* Frameworks */ = {
			isa = PBXFrameworksBuildPhase;
			buildActionMask = 2147483647;
			files = (
				1D2FE77F2C669D887FA88A52 /* Pods_ZephyrApp.framework in Frameworks */,
				93C7544B1DDCDBC900BB094D /* FBSDKCoreKit.framework in Frameworks */,
				93C7544F1DDCDBDF00BB094D /* FBSDKShareKit.framework in Frameworks */,
				93C7544D1DDCDBD500BB094D /* FBSDKLoginKit.framework in Frameworks */,
				93C754491DDCDBB500BB094D /* Bolts.framework in Frameworks */,
			);
			runOnlyForDeploymentPostprocessing = 0;
		};
/* End PBXFrameworksBuildPhase section */

/* Begin PBXGroup section */
		4EB10827353939A8D5C57A02 /* Frameworks */ = {
			isa = PBXGroup;
			children = (
				93C7544E1DDCDBDF00BB094D /* FBSDKShareKit.framework */,
				93C7544C1DDCDBD500BB094D /* FBSDKLoginKit.framework */,
				93C7544A1DDCDBC900BB094D /* FBSDKCoreKit.framework */,
				93C754481DDCDBB500BB094D /* Bolts.framework */,
				619EA598E9E82877287EB930 /* Pods_ZephyrApp.framework */,
			);
			name = Frameworks;
			sourceTree = "<group>";
		};
		66653DF7FE9393CB13A6235F /* Pods */ = {
			isa = PBXGroup;
			children = (
				242A3A9812ACC578537C21EA /* Pods-ZephyrApp.debug.xcconfig */,
				D0A794FEB3171558D94A44E8 /* Pods-ZephyrApp.release.xcconfig */,
			);
			name = Pods;
			sourceTree = "<group>";
		};
		93F8F3A11DD3DE1F00529892 = {
			isa = PBXGroup;
			children = (
				93F8F3AC1DD3DE1F00529892 /* ZephyrApp */,
				93F8F3C11DD3DE2000529892 /* ZephyrAppTests */,
				93F8F3CC1DD3DE2000529892 /* ZephyrAppUITests */,
				93F8F3AB1DD3DE1F00529892 /* Products */,
				66653DF7FE9393CB13A6235F /* Pods */,
				4EB10827353939A8D5C57A02 /* Frameworks */,
			);
			sourceTree = "<group>";
		};
		93F8F3AB1DD3DE1F00529892 /* Products */ = {
			isa = PBXGroup;
			children = (
				93F8F3AA1DD3DE1F00529892 /* ZephyrApp.app */,
			);
			name = Products;
			sourceTree = "<group>";
		};
		93F8F3AC1DD3DE1F00529892 /* ZephyrApp */ = {
			isa = PBXGroup;
			children = (
				93C7549A1DE2568D00BB094D /* Screen Shot 2016-11-20 at 4.08.13 PM.png */,
				EA2255641DDB9B4A0054A896 /* ZephyrApp.entitlements */,
				93F8F3DB1DD4DD1B00529892 /* treehouse_filled-25.png */,
				93F8F3E11DD4DDCC00529892 /* briefcase_filled-25.png */,
				93F8F3DD1DD4DD2100529892 /* treehouse-25.png */,
				93F8F3DF1DD4DDC400529892 /* briefcase-25.png */,
				93F8F3AD1DD3DE1F00529892 /* AppDelegate.swift */,
				93F8F3AF1DD3DE2000529892 /* ViewController.swift */,
				EA5A61CD1DEFEE940045A252 /* Job.swift */,
				93C754581DDD72FE00BB094D /* AvailableJobsViewController.swift */,
				EA73E7761DF22F87005143D1 /* RequestJobViewController.swift */,
				93C7545A1DDD797E00BB094D /* SingleAvailableJobsViewController.swift */,
				93C7545C1DDD7F6500BB094D /* MyJobsViewController.swift */,
				93C7545E1DDD7F9700BB094D /* SingleMyJobsViewController.swift */,
				93F8F3B11DD3DE2000529892 /* Main.storyboard */,
				93F8F3B41DD3DE2000529892 /* Assets.xcassets */,
				93F8F3B61DD3DE2000529892 /* LaunchScreen.storyboard */,
				93F8F3B91DD3DE2000529892 /* Info.plist */,
				EA5A61CB1DEFDF2D0045A252 /* GoogleService-Info.plist */,
			);
			path = ZephyrApp;
			sourceTree = "<group>";
		};
		93F8F3C11DD3DE2000529892 /* ZephyrAppTests */ = {
			isa = PBXGroup;
			children = (
				93F8F3C21DD3DE2000529892 /* ZephyrAppTests.swift */,
				93F8F3C41DD3DE2000529892 /* Info.plist */,
			);
			path = ZephyrAppTests;
			sourceTree = "<group>";
		};
		93F8F3CC1DD3DE2000529892 /* ZephyrAppUITests */ = {
			isa = PBXGroup;
			children = (
				93F8F3CD1DD3DE2000529892 /* ZephyrAppUITests.swift */,
				93F8F3CF1DD3DE2000529892 /* Info.plist */,
			);
			path = ZephyrAppUITests;
			sourceTree = "<group>";
		};
/* End PBXGroup section */

/* Begin PBXNativeTarget section */
		93F8F3A91DD3DE1F00529892 /* ZephyrApp */ = {
			isa = PBXNativeTarget;
			buildConfigurationList = 93F8F3D21DD3DE2000529892 /* Build configuration list for PBXNativeTarget "ZephyrApp" */;
			buildPhases = (
				3EC7FCA200BF967865D2E627 /* [CP] Check Pods Manifest.lock */,
				93F8F3A61DD3DE1F00529892 /* Sources */,
				93F8F3A71DD3DE1F00529892 /* Frameworks */,
				93F8F3A81DD3DE1F00529892 /* Resources */,
				6F64FA1D534FBB959F5ABE35 /* [CP] Embed Pods Frameworks */,
				5AA96F50C7D36F835B38FFA2 /* [CP] Copy Pods Resources */,
			);
			buildRules = (
			);
			dependencies = (
			);
			name = ZephyrApp;
			productName = ZephyrApp;
			productReference = 93F8F3AA1DD3DE1F00529892 /* ZephyrApp.app */;
			productType = "com.apple.product-type.application";
		};
/* End PBXNativeTarget section */

/* Begin PBXProject section */
		93F8F3A21DD3DE1F00529892 /* Project object */ = {
			isa = PBXProject;
			attributes = {
				LastSwiftUpdateCheck = 0810;
				LastUpgradeCheck = 0810;
				ORGANIZATIONNAME = "Hannah Mehrle";
				TargetAttributes = {
					93F8F3A91DD3DE1F00529892 = {
						CreatedOnToolsVersion = 8.1;
						DevelopmentTeam = 8X6DGN7A99;
						ProvisioningStyle = Automatic;
						SystemCapabilities = {
							com.apple.Keychain = {
								enabled = 1;
							};
						};
					};
				};
			};
			buildConfigurationList = 93F8F3A51DD3DE1F00529892 /* Build configuration list for PBXProject "ZephyrApp" */;
			compatibilityVersion = "Xcode 3.2";
			developmentRegion = English;
			hasScannedForEncodings = 0;
			knownRegions = (
				en,
				Base,
			);
			mainGroup = 93F8F3A11DD3DE1F00529892;
			productRefGroup = 93F8F3AB1DD3DE1F00529892 /* Products */;
			projectDirPath = "";
			projectRoot = "";
			targets = (
				93F8F3A91DD3DE1F00529892 /* ZephyrApp */,
			);
		};
/* End PBXProject section */

/* Begin PBXResourcesBuildPhase section */
		93F8F3A81DD3DE1F00529892 /* Resources */ = {
			isa = PBXResourcesBuildPhase;
			buildActionMask = 2147483647;
			files = (
				93F8F3DE1DD4DD2100529892 /* treehouse-25.png in Resources */,
				93F8F3B81DD3DE2000529892 /* LaunchScreen.storyboard in Resources */,
				EA5A61CC1DEFDF2D0045A252 /* GoogleService-Info.plist in Resources */,
				93F8F3DC1DD4DD1B00529892 /* treehouse_filled-25.png in Resources */,
				93C7549B1DE2568D00BB094D /* Screen Shot 2016-11-20 at 4.08.13 PM.png in Resources */,
				93F8F3E01DD4DDC400529892 /* briefcase-25.png in Resources */,
				93F8F3B51DD3DE2000529892 /* Assets.xcassets in Resources */,
				93F8F3B31DD3DE2000529892 /* Main.storyboard in Resources */,
				93F8F3E21DD4DDCC00529892 /* briefcase_filled-25.png in Resources */,
			);
			runOnlyForDeploymentPostprocessing = 0;
		};
/* End PBXResourcesBuildPhase section */

/* Begin PBXShellScriptBuildPhase section */
		3EC7FCA200BF967865D2E627 /* [CP] Check Pods Manifest.lock */ = {
			isa = PBXShellScriptBuildPhase;
			buildActionMask = 2147483647;
			files = (
			);
			inputPaths = (
			);
			name = "[CP] Check Pods Manifest.lock";
			outputPaths = (
			);
			runOnlyForDeploymentPostprocessing = 0;
			shellPath = /bin/sh;
			shellScript = "diff \"${PODS_ROOT}/../Podfile.lock\" \"${PODS_ROOT}/Manifest.lock\" > /dev/null\nif [ $? != 0 ] ; then\n    # print error to STDERR\n    echo \"error: The sandbox is not in sync with the Podfile.lock. Run 'pod install' or update your CocoaPods installation.\" >&2\n    exit 1\nfi\n";
			showEnvVarsInLog = 0;
		};
		5AA96F50C7D36F835B38FFA2 /* [CP] Copy Pods Resources */ = {
			isa = PBXShellScriptBuildPhase;
			buildActionMask = 2147483647;
			files = (
			);
			inputPaths = (
			);
			name = "[CP] Copy Pods Resources";
			outputPaths = (
			);
			runOnlyForDeploymentPostprocessing = 0;
			shellPath = /bin/sh;
			shellScript = "\"${SRCROOT}/Pods/Target Support Files/Pods-ZephyrApp/Pods-ZephyrApp-resources.sh\"\n";
			showEnvVarsInLog = 0;
		};
		6F64FA1D534FBB959F5ABE35 /* [CP] Embed Pods Frameworks */ = {
			isa = PBXShellScriptBuildPhase;
			buildActionMask = 2147483647;
			files = (
			);
			inputPaths = (
			);
			name = "[CP] Embed Pods Frameworks";
			outputPaths = (
			);
			runOnlyForDeploymentPostprocessing = 0;
			shellPath = /bin/sh;
			shellScript = "\"${SRCROOT}/Pods/Target Support Files/Pods-ZephyrApp/Pods-ZephyrApp-frameworks.sh\"\n";
			showEnvVarsInLog = 0;
		};
/* End PBXShellScriptBuildPhase section */

/* Begin PBXSourcesBuildPhase section */
		93F8F3A61DD3DE1F00529892 /* Sources */ = {
			isa = PBXSourcesBuildPhase;
			buildActionMask = 2147483647;
			files = (
				93C7545F1DDD7F9700BB094D /* SingleMyJobsViewController.swift in Sources */,
				93C754591DDD72FE00BB094D /* AvailableJobsViewController.swift in Sources */,
				93F8F3B01DD3DE2000529892 /* ViewController.swift in Sources */,
				93C7545B1DDD797E00BB094D /* SingleAvailableJobsViewController.swift in Sources */,
				EA73E7771DF22F87005143D1 /* RequestJobViewController.swift in Sources */,
				93C7545D1DDD7F6500BB094D /* MyJobsViewController.swift in Sources */,
				EA5A61CE1DEFEE940045A252 /* Job.swift in Sources */,
				93F8F3AE1DD3DE2000529892 /* AppDelegate.swift in Sources */,
			);
			runOnlyForDeploymentPostprocessing = 0;
		};
/* End PBXSourcesBuildPhase section */

/* Begin PBXVariantGroup section */
		93F8F3B11DD3DE2000529892 /* Main.storyboard */ = {
			isa = PBXVariantGroup;
			children = (
				93F8F3B21DD3DE2000529892 /* Base */,
			);
			name = Main.storyboard;
			sourceTree = "<group>";
		};
		93F8F3B61DD3DE2000529892 /* LaunchScreen.storyboard */ = {
			isa = PBXVariantGroup;
			children = (
				93F8F3B71DD3DE2000529892 /* Base */,
			);
			name = LaunchScreen.storyboard;
			sourceTree = "<group>";
		};
/* End PBXVariantGroup section */

/* Begin XCBuildConfiguration section */
		93F8F3D01DD3DE2000529892 /* Debug */ = {
			isa = XCBuildConfiguration;
			buildSettings = {
				ALWAYS_SEARCH_USER_PATHS = NO;
				CLANG_ANALYZER_NONNULL = YES;
				CLANG_CXX_LANGUAGE_STANDARD = "gnu++0x";
				CLANG_CXX_LIBRARY = "libc++";
				CLANG_ENABLE_MODULES = YES;
				CLANG_ENABLE_OBJC_ARC = YES;
				CLANG_WARN_BOOL_CONVERSION = YES;
				CLANG_WARN_CONSTANT_CONVERSION = YES;
				CLANG_WARN_DIRECT_OBJC_ISA_USAGE = YES_ERROR;
				CLANG_WARN_DOCUMENTATION_COMMENTS = YES;
				CLANG_WARN_EMPTY_BODY = YES;
				CLANG_WARN_ENUM_CONVERSION = YES;
				CLANG_WARN_INFINITE_RECURSION = YES;
				CLANG_WARN_INT_CONVERSION = YES;
				CLANG_WARN_OBJC_ROOT_CLASS = YES_ERROR;
				CLANG_WARN_SUSPICIOUS_MOVES = YES;
				CLANG_WARN_UNREACHABLE_CODE = YES;
				CLANG_WARN__DUPLICATE_METHOD_MATCH = YES;
				"CODE_SIGN_IDENTITY[sdk=iphoneos*]" = "iPhone Developer";
				COPY_PHASE_STRIP = NO;
				DEBUG_INFORMATION_FORMAT = dwarf;
				ENABLE_STRICT_OBJC_MSGSEND = YES;
				ENABLE_TESTABILITY = YES;
				GCC_C_LANGUAGE_STANDARD = gnu99;
				GCC_DYNAMIC_NO_PIC = NO;
				GCC_NO_COMMON_BLOCKS = YES;
				GCC_OPTIMIZATION_LEVEL = 0;
				GCC_PREPROCESSOR_DEFINITIONS = (
					"DEBUG=1",
					"$(inherited)",
				);
				GCC_WARN_64_TO_32_BIT_CONVERSION = YES;
				GCC_WARN_ABOUT_RETURN_TYPE = YES_ERROR;
				GCC_WARN_UNDECLARED_SELECTOR = YES;
				GCC_WARN_UNINITIALIZED_AUTOS = YES_AGGRESSIVE;
				GCC_WARN_UNUSED_FUNCTION = YES;
				GCC_WARN_UNUSED_VARIABLE = YES;
				IPHONEOS_DEPLOYMENT_TARGET = 10.1;
				MTL_ENABLE_DEBUG_INFO = YES;
				ONLY_ACTIVE_ARCH = YES;
				SDKROOT = iphoneos;
				SWIFT_ACTIVE_COMPILATION_CONDITIONS = DEBUG;
				SWIFT_OPTIMIZATION_LEVEL = "-Onone";
			};
			name = Debug;
		};
		93F8F3D11DD3DE2000529892 /* Release */ = {
			isa = XCBuildConfiguration;
			buildSettings = {
				ALWAYS_SEARCH_USER_PATHS = NO;
				CLANG_ANALYZER_NONNULL = YES;
				CLANG_CXX_LANGUAGE_STANDARD = "gnu++0x";
				CLANG_CXX_LIBRARY = "libc++";
				CLANG_ENABLE_MODULES = YES;
				CLANG_ENABLE_OBJC_ARC = YES;
				CLANG_WARN_BOOL_CONVERSION = YES;
				CLANG_WARN_CONSTANT_CONVERSION = YES;
				CLANG_WARN_DIRECT_OBJC_ISA_USAGE = YES_ERROR;
				CLANG_WARN_DOCUMENTATION_COMMENTS = YES;
				CLANG_WARN_EMPTY_BODY = YES;
				CLANG_WARN_ENUM_CONVERSION = YES;
				CLANG_WARN_INFINITE_RECURSION = YES;
				CLANG_WARN_INT_CONVERSION = YES;
				CLANG_WARN_OBJC_ROOT_CLASS = YES_ERROR;
				CLANG_WARN_SUSPICIOUS_MOVES = YES;
				CLANG_WARN_UNREACHABLE_CODE = YES;
				CLANG_WARN__DUPLICATE_METHOD_MATCH = YES;
				"CODE_SIGN_IDENTITY[sdk=iphoneos*]" = "iPhone Developer";
				COPY_PHASE_STRIP = NO;
				DEBUG_INFORMATION_FORMAT = "dwarf-with-dsym";
				ENABLE_NS_ASSERTIONS = NO;
				ENABLE_STRICT_OBJC_MSGSEND = YES;
				GCC_C_LANGUAGE_STANDARD = gnu99;
				GCC_NO_COMMON_BLOCKS = YES;
				GCC_WARN_64_TO_32_BIT_CONVERSION = YES;
				GCC_WARN_ABOUT_RETURN_TYPE = YES_ERROR;
				GCC_WARN_UNDECLARED_SELECTOR = YES;
				GCC_WARN_UNINITIALIZED_AUTOS = YES_AGGRESSIVE;
				GCC_WARN_UNUSED_FUNCTION = YES;
				GCC_WARN_UNUSED_VARIABLE = YES;
				IPHONEOS_DEPLOYMENT_TARGET = 10.1;
				MTL_ENABLE_DEBUG_INFO = NO;
				SDKROOT = iphoneos;
				SWIFT_OPTIMIZATION_LEVEL = "-Owholemodule";
				VALIDATE_PRODUCT = YES;
			};
			name = Release;
		};
		93F8F3D31DD3DE2000529892 /* Debug */ = {
			isa = XCBuildConfiguration;
			baseConfigurationReference = 242A3A9812ACC578537C21EA /* Pods-ZephyrApp.debug.xcconfig */;
			buildSettings = {
				ASSETCATALOG_COMPILER_APPICON_NAME = AppIcon;
				CODE_SIGN_ENTITLEMENTS = ZephyrApp/ZephyrApp.entitlements;
				CODE_SIGN_IDENTITY = "iPhone Developer";
				"CODE_SIGN_IDENTITY[sdk=iphoneos*]" = "iPhone Developer";
				DEVELOPMENT_TEAM = 8X6DGN7A99;
				FRAMEWORK_SEARCH_PATHS = (
					"$(inherited)",
					"$(PROJECT_DIR)",
				);
				INFOPLIST_FILE = ZephyrApp/Info.plist;
				LD_RUNPATH_SEARCH_PATHS = "$(inherited) @executable_path/Frameworks";
				PRODUCT_BUNDLE_IDENTIFIER = cse438.ZephyrApp1234;
				PRODUCT_NAME = "$(TARGET_NAME)";
				SWIFT_VERSION = 3.0;
			};
			name = Debug;
		};
		93F8F3D41DD3DE2000529892 /* Release */ = {
			isa = XCBuildConfiguration;
			baseConfigurationReference = D0A794FEB3171558D94A44E8 /* Pods-ZephyrApp.release.xcconfig */;
			buildSettings = {
				ASSETCATALOG_COMPILER_APPICON_NAME = AppIcon;
				CODE_SIGN_ENTITLEMENTS = ZephyrApp/ZephyrApp.entitlements;
				CODE_SIGN_IDENTITY = "iPhone Developer";
				"CODE_SIGN_IDENTITY[sdk=iphoneos*]" = "iPhone Distribution";
				DEVELOPMENT_TEAM = 8X6DGN7A99;
				FRAMEWORK_SEARCH_PATHS = (
					"$(inherited)",
					"$(PROJECT_DIR)",
				);
				INFOPLIST_FILE = ZephyrApp/Info.plist;
				LD_RUNPATH_SEARCH_PATHS = "$(inherited) @executable_path/Frameworks";
				PRODUCT_BUNDLE_IDENTIFIER = cse438.ZephyrApp1234;
				PRODUCT_NAME = "$(TARGET_NAME)";
				SWIFT_VERSION = 3.0;
			};
			name = Release;
		};
/* End XCBuildConfiguration section */

/* Begin XCConfigurationList section */
		93F8F3A51DD3DE1F00529892 /* Build configuration list for PBXProject "ZephyrApp" */ = {
			isa = XCConfigurationList;
			buildConfigurations = (
				93F8F3D01DD3DE2000529892 /* Debug */,
				93F8F3D11DD3DE2000529892 /* Release */,
			);
			defaultConfigurationIsVisible = 0;
			defaultConfigurationName = Release;
		};
		93F8F3D21DD3DE2000529892 /* Build configuration list for PBXNativeTarget "ZephyrApp" */ = {
			isa = XCConfigurationList;
			buildConfigurations = (
				93F8F3D31DD3DE2000529892 /* Debug */,
				93F8F3D41DD3DE2000529892 /* Release */,
			);
			defaultConfigurationIsVisible = 0;
			defaultConfigurationName = Release;
		};
/* End XCConfigurationList section */
	};
	rootObject = 93F8F3A21DD3DE1F00529892 /* Project object */;
}
